{
  "lockfileVersion": 2,
  "configVersion": 0,
  "workspaces": {
    "": {
      "name": "@a-fig/triptych",
      "dependencies": {
        "tree-sitter-wasms": "^0.1.11",
        "web-tree-sitter": "^0.25.0",
      },
    },
  },
  "packages": {
    "tree-sitter-wasms": ["tree-sitter-wasms@0.1.13", "", { "dependencies": { "tree-sitter-wasms": "^0.1.11" } }, "sha512-wT+cR6DwaIz80/vho3AvSF0N4txuNx/5bcRKoXouOfClpxh/qqrF4URNLQXbbt8MaAxeksZcZd1j8gcGjc+QxQ=="],

    "web-tree-sitter": ["web-tree-sitter@0.25.10", "", { "peerDependencies": { "@types/emscripten": "^1.40.0" }, "optionalPeers": ["@types/emscripten"] }, "sha512-Y09sF44/13XvgVKgO2cNDw5rGk6s26MgoZPXLESvMXeefBf7i6/73eFurre0IsTW6E14Y0ArIzhUMmjoc7xyzA=="],
  }
}
